
Microsoft Visual Studio Solution File, Format Version 12.00
# Visual Studio Version 16
VisualStudioVersion = 16.0.29920.165
MinimumVisualStudioVersion = 10.0.40219.1
Project("{FAE04EC0-301F-11D3-BF4B-00C04F79EFBC}") = "StudentAssistant", "StudentAssistant\StudentAssistant.csproj", "{2E2F8ED3-E53B-48FF-8A48-A64ABD451731}"
EndProject
Global
	GlobalSection(SolutionConfigurationPlatforms) = preSolution
		Debug|Any CPU = Debug|Any CPU
		Release|Any CPU = Release|Any CPU
	EndGlobalSection
	GlobalSection(ProjectConfigurationPlatforms) = postSolution
		{2E2F8ED3-E53B-48FF-8A48-A64ABD451731}.Debug|Any CPU.ActiveCfg = Debug|Any CPU
		{2E2F8ED3-E53B-48FF-8A48-A64ABD451731}.Debug|Any CPU.Build.0 = Debug|Any CPU
		{2E2F8ED3-E53B-48FF-8A48-A64ABD451731}.Release|Any CPU.ActiveCfg = Release|Any CPU
		{2E2F8ED3-E53B-48FF-8A48-A64ABD451731}.Release|Any CPU.Build.0 = Release|Any CPU
	EndGlobalSection
	GlobalSection(SolutionProperties) = preSolution
		HideSolutionNode = FALSE
	EndGlobalSection
	GlobalSection(ExtensibilityGlobals) = postSolution
		SolutionGuid = {893EC69B-B8C7-464D-BAB4-C9784703C9E8}
	EndGlobalSection
EndGlobal
